
Microsoft Visual Studio Solution File, Format Version 12.00
# Visual Studio Version 17
VisualStudioVersion = 17.0.31919.166
MinimumVisualStudioVersion = 10.0.40219.1
Project("{FAE04EC0-301F-11D3-BF4B-00C04F79EFBC}") = "LeetcodeFirstMissingPositive", "LeetcodeFirstMissingPositive.csproj", "{ADE519CD-0D35-4A53-AA99-E8261AEDB02B}"
EndProject
Global
	GlobalSection(SolutionConfigurationPlatforms) = preSolution
		Debug|Any CPU = Debug|Any CPU
		Release|Any CPU = Release|Any CPU
	EndGlobalSection
	GlobalSection(ProjectConfigurationPlatforms) = postSolution
		{ADE519CD-0D35-4A53-AA99-E8261AEDB02B}.Debug|Any CPU.ActiveCfg = Debug|Any CPU
		{ADE519CD-0D35-4A53-AA99-E8261AEDB02B}.Debug|Any CPU.Build.0 = Debug|Any CPU
		{ADE519CD-0D35-4A53-AA99-E8261AEDB02B}.Release|Any CPU.ActiveCfg = Release|Any CPU
		{ADE519CD-0D35-4A53-AA99-E8261AEDB02B}.Release|Any CPU.Build.0 = Release|Any CPU
	EndGlobalSection
	GlobalSection(SolutionProperties) = preSolution
		HideSolutionNode = FALSE
	EndGlobalSection
	GlobalSection(ExtensibilityGlobals) = postSolution
		SolutionGuid = {B51CCBCD-91BC-49EC-802E-99CE26B438A3}
	EndGlobalSection
EndGlobal
